// !$*UTF8*$!
{
	archiveVersion = 1;
	classes = {
	};
	objectVersion = 48;
	objects = {

/* Begin PBXBuildFile section */
		1A10650EBC6F16C47734D804 /* Pods_FoodTrackerFinal.framework in Frameworks */ = {isa = PBXBuildFile; fileRef = FDDF5827AA42BAE71726DDE0 /* Pods_FoodTrackerFinal.framework */; };
		793C0BDE2074FF760019A5D1 /* AppDelegate.swift in Sources */ = {isa = PBXBuildFile; fileRef = 793C0BDD2074FF760019A5D1 /* AppDelegate.swift */; };
		793C0BE02074FF760019A5D1 /* MasterViewController.swift in Sources */ = {isa = PBXBuildFile; fileRef = 793C0BDF2074FF760019A5D1 /* MasterViewController.swift */; };
		793C0BE32074FF760019A5D1 /* Main.storyboard in Resources */ = {isa = PBXBuildFile; fileRef = 793C0BE12074FF760019A5D1 /* Main.storyboard */; };
		793C0BE52074FF760019A5D1 /* Assets.xcassets in Resources */ = {isa = PBXBuildFile; fileRef = 793C0BE42074FF760019A5D1 /* Assets.xcassets */; };
		793C0BE82074FF760019A5D1 /* LaunchScreen.storyboard in Resources */ = {isa = PBXBuildFile; fileRef = 793C0BE62074FF760019A5D1 /* LaunchScreen.storyboard */; };
		793C0BF120750C320019A5D1 /* RatingControl.swift in Sources */ = {isa = PBXBuildFile; fileRef = 793C0BF020750C320019A5D1 /* RatingControl.swift */; };
		793C0BF7207512650019A5D1 /* DataServices.swift in Sources */ = {isa = PBXBuildFile; fileRef = 793C0BF6207512650019A5D1 /* DataServices.swift */; };
		793C0BF9207512970019A5D1 /* MealTableViewCell.swift in Sources */ = {isa = PBXBuildFile; fileRef = 793C0BF8207512970019A5D1 /* MealTableViewCell.swift */; };
		793C0BFB207512AD0019A5D1 /* DetailViewController.swift in Sources */ = {isa = PBXBuildFile; fileRef = 793C0BFA207512AD0019A5D1 /* DetailViewController.swift */; };
		793C0BFD207512C30019A5D1 /* Meal.swift in Sources */ = {isa = PBXBuildFile; fileRef = 793C0BFC207512C30019A5D1 /* Meal.swift */; };
		794392152090254C008507FD /* LoginViewController.swift in Sources */ = {isa = PBXBuildFile; fileRef = 794392142090254C008507FD /* LoginViewController.swift */; };
		7943921720902F56008507FD /* Podfile in Resources */ = {isa = PBXBuildFile; fileRef = 7943921620902F56008507FD /* Podfile */; };
/* End PBXBuildFile section */

/* Begin PBXFileReference section */
		62BDBB6B4C52477F9C0D8FBC /* Pods-FoodTrackerFinal.debug.xcconfig */ = {isa = PBXFileReference; includeInIndex = 1; lastKnownFileType = text.xcconfig; name = "Pods-FoodTrackerFinal.debug.xcconfig"; path = "Pods/Target Support Files/Pods-FoodTrackerFinal/Pods-FoodTrackerFinal.debug.xcconfig"; sourceTree = "<group>"; };
		792367ED2090873B004F43D0 /* FoodTrackerFinal.entitlements */ = {isa = PBXFileReference; lastKnownFileType = text.plist.entitlements; path = FoodTrackerFinal.entitlements; sourceTree = "<group>"; };
		793C0BDA2074FF760019A5D1 /* FoodTrackerFinal.app */ = {isa = PBXFileReference; explicitFileType = wrapper.application; includeInIndex = 0; path = FoodTrackerFinal.app; sourceTree = BUILT_PRODUCTS_DIR; };
		793C0BDD2074FF760019A5D1 /* AppDelegate.swift */ = {isa = PBXFileReference; lastKnownFileType = sourcecode.swift; path = AppDelegate.swift; sourceTree = "<group>"; };
		793C0BDF2074FF760019A5D1 /* MasterViewController.swift */ = {isa = PBXFileReference; lastKnownFileType = sourcecode.swift; path = MasterViewController.swift; sourceTree = "<group>"; };
		793C0BE22074FF760019A5D1 /* Base */ = {isa = PBXFileReference; lastKnownFileType = file.storyboard; name = Base; path = Base.lproj/Main.storyboard; sourceTree = "<group>"; };
		793C0BE42074FF760019A5D1 /* Assets.xcassets */ = {isa = PBXFileReference; lastKnownFileType = folder.assetcatalog; path = Assets.xcassets; sourceTree = "<group>"; };
		793C0BE72074FF760019A5D1 /* Base */ = {isa = PBXFileReference; lastKnownFileType = file.storyboard; name = Base; path = Base.lproj/LaunchScreen.storyboard; sourceTree = "<group>"; };
		793C0BE92074FF760019A5D1 /* Info.plist */ = {isa = PBXFileReference; lastKnownFileType = text.plist.xml; path = Info.plist; sourceTree = "<group>"; };
		793C0BF020750C320019A5D1 /* RatingControl.swift */ = {isa = PBXFileReference; lastKnownFileType = sourcecode.swift; path = RatingControl.swift; sourceTree = "<group>"; };
		793C0BF6207512650019A5D1 /* DataServices.swift */ = {isa = PBXFileReference; lastKnownFileType = sourcecode.swift; path = DataServices.swift; sourceTree = "<group>"; };
		793C0BF8207512970019A5D1 /* MealTableViewCell.swift */ = {isa = PBXFileReference; lastKnownFileType = sourcecode.swift; path = MealTableViewCell.swift; sourceTree = "<group>"; };
		793C0BFA207512AD0019A5D1 /* DetailViewController.swift */ = {isa = PBXFileReference; lastKnownFileType = sourcecode.swift; path = DetailViewController.swift; sourceTree = "<group>"; };
		793C0BFC207512C30019A5D1 /* Meal.swift */ = {isa = PBXFileReference; lastKnownFileType = sourcecode.swift; path = Meal.swift; sourceTree = "<group>"; };
		794392142090254C008507FD /* LoginViewController.swift */ = {isa = PBXFileReference; lastKnownFileType = sourcecode.swift; path = LoginViewController.swift; sourceTree = "<group>"; };
		7943921620902F56008507FD /* Podfile */ = {isa = PBXFileReference; lastKnownFileType = text; path = Podfile; sourceTree = "<group>"; xcLanguageSpecificationIdentifier = xcode.lang.ruby; };
		BF97AB519BDD08B831BCAC75 /* Pods-FoodTrackerFinal.release.xcconfig */ = {isa = PBXFileReference; includeInIndex = 1; lastKnownFileType = text.xcconfig; name = "Pods-FoodTrackerFinal.release.xcconfig"; path = "Pods/Target Support Files/Pods-FoodTrackerFinal/Pods-FoodTrackerFinal.release.xcconfig"; sourceTree = "<group>"; };
		FDDF5827AA42BAE71726DDE0 /* Pods_FoodTrackerFinal.framework */ = {isa = PBXFileReference; explicitFileType = wrapper.framework; includeInIndex = 0; path = Pods_FoodTrackerFinal.framework; sourceTree = BUILT_PRODUCTS_DIR; };
/* End PBXFileReference section */

/* Begin PBXFrameworksBuildPhase section */
		793C0BD72074FF760019A5D1 /* Frameworks */ = {
			isa = PBXFrameworksBuildPhase;
			buildActionMask = 2147483647;
			files = (
				1A10650EBC6F16C47734D804 /* Pods_FoodTrackerFinal.framework in Frameworks */,
			);
			runOnlyForDeploymentPostprocessing = 0;
		};
/* End PBXFrameworksBuildPhase section */

/* Begin PBXGroup section */
		1E4ACF9A777329D13AE875FF /* Frameworks */ = {
			isa = PBXGroup;
			children = (
				FDDF5827AA42BAE71726DDE0 /* Pods_FoodTrackerFinal.framework */,
			);
			name = Frameworks;
			sourceTree = "<group>";
		};
		5B89625ED545C6F8BCDEFF3D /* Pods */ = {
			isa = PBXGroup;
			children = (
				62BDBB6B4C52477F9C0D8FBC /* Pods-FoodTrackerFinal.debug.xcconfig */,
				BF97AB519BDD08B831BCAC75 /* Pods-FoodTrackerFinal.release.xcconfig */,
			);
			name = Pods;
			sourceTree = "<group>";
		};
		793C0BD12074FF760019A5D1 = {
			isa = PBXGroup;
			children = (
				7943921620902F56008507FD /* Podfile */,
				793C0BDC2074FF760019A5D1 /* FoodTrackerFinal */,
				793C0BDB2074FF760019A5D1 /* Products */,
				5B89625ED545C6F8BCDEFF3D /* Pods */,
				1E4ACF9A777329D13AE875FF /* Frameworks */,
			);
			sourceTree = "<group>";
		};
		793C0BDB2074FF760019A5D1 /* Products */ = {
			isa = PBXGroup;
			children = (
				793C0BDA2074FF760019A5D1 /* FoodTrackerFinal.app */,
			);
			name = Products;
			sourceTree = "<group>";
		};
		793C0BDC2074FF760019A5D1 /* FoodTrackerFinal */ = {
			isa = PBXGroup;
			children = (
				792367ED2090873B004F43D0 /* FoodTrackerFinal.entitlements */,
				79554CC8207B078300AE9E35 /* Model */,
				793C0BFE207512D70019A5D1 /* Controller */,
				793C0BEF20750C1F0019A5D1 /* View */,
				793C0BE12074FF760019A5D1 /* Main.storyboard */,
				793C0BE42074FF760019A5D1 /* Assets.xcassets */,
				793C0BDD2074FF760019A5D1 /* AppDelegate.swift */,
				793C0BE62074FF760019A5D1 /* LaunchScreen.storyboard */,
				793C0BE92074FF760019A5D1 /* Info.plist */,
			);
			path = FoodTrackerFinal;
			sourceTree = "<group>";
		};
		793C0BEF20750C1F0019A5D1 /* View */ = {
			isa = PBXGroup;
			children = (
				793C0BF8207512970019A5D1 /* MealTableViewCell.swift */,
				793C0BF020750C320019A5D1 /* RatingControl.swift */,
			);
			path = View;
			sourceTree = "<group>";
		};
		793C0BFE207512D70019A5D1 /* Controller */ = {
			isa = PBXGroup;
			children = (
				793C0BDF2074FF760019A5D1 /* MasterViewController.swift */,
				793C0BFA207512AD0019A5D1 /* DetailViewController.swift */,
				794392142090254C008507FD /* LoginViewController.swift */,
			);
			path = Controller;
			sourceTree = "<group>";
		};
		79554CC8207B078300AE9E35 /* Model */ = {
			isa = PBXGroup;
			children = (
				793C0BFC207512C30019A5D1 /* Meal.swift */,
				793C0BF6207512650019A5D1 /* DataServices.swift */,
			);
			path = Model;
			sourceTree = "<group>";
		};
/* End PBXGroup section */

/* Begin PBXNativeTarget section */
		793C0BD92074FF760019A5D1 /* FoodTrackerFinal */ = {
			isa = PBXNativeTarget;
			buildConfigurationList = 793C0BEC2074FF760019A5D1 /* Build configuration list for PBXNativeTarget "FoodTrackerFinal" */;
			buildPhases = (
				85819B09B23E95114D5D99D3 /* [CP] Check Pods Manifest.lock */,
				793C0BD62074FF760019A5D1 /* Sources */,
				793C0BD72074FF760019A5D1 /* Frameworks */,
				793C0BD82074FF760019A5D1 /* Resources */,
				AC4FED7B6D911974219899A4 /* [CP] Embed Pods Frameworks */,
			);
			buildRules = (
			);
			dependencies = (
			);
			name = FoodTrackerFinal;
			productName = FoodTrackerFinal;
			productReference = 793C0BDA2074FF760019A5D1 /* FoodTrackerFinal.app */;
			productType = "com.apple.product-type.application";
		};
/* End PBXNativeTarget section */

/* Begin PBXProject section */
		793C0BD22074FF760019A5D1 /* Project object */ = {
			isa = PBXProject;
			attributes = {
				LastSwiftUpdateCheck = 0920;
				LastUpgradeCheck = 0920;
				ORGANIZATIONNAME = "Vu Ngoc Cong";
				TargetAttributes = {
					793C0BD92074FF760019A5D1 = {
						CreatedOnToolsVersion = 9.2;
						ProvisioningStyle = Automatic;
						SystemCapabilities = {
							com.apple.Keychain = {
								enabled = 1;
							};
						};
					};
				};
			};
			buildConfigurationList = 793C0BD52074FF760019A5D1 /* Build configuration list for PBXProject "FoodTrackerFinal" */;
			compatibilityVersion = "Xcode 8.0";
			developmentRegion = en;
			hasScannedForEncodings = 0;
			knownRegions = (
				en,
				Base,
			);
			mainGroup = 793C0BD12074FF760019A5D1;
			productRefGroup = 793C0BDB2074FF760019A5D1 /* Products */;
			projectDirPath = "";
			projectRoot = "";
			targets = (
				793C0BD92074FF760019A5D1 /* FoodTrackerFinal */,
			);
		};
/* End PBXProject section */

/* Begin PBXResourcesBuildPhase section */
		793C0BD82074FF760019A5D1 /* Resources */ = {
			isa = PBXResourcesBuildPhase;
			buildActionMask = 2147483647;
			files = (
				793C0BE82074FF760019A5D1 /* LaunchScreen.storyboard in Resources */,
				793C0BE52074FF760019A5D1 /* Assets.xcassets in Resources */,
				7943921720902F56008507FD /* Podfile in Resources */,
				793C0BE32074FF760019A5D1 /* Main.storyboard in Resources */,
			);
			runOnlyForDeploymentPostprocessing = 0;
		};
/* End PBXResourcesBuildPhase section */

/* Begin PBXShellScriptBuildPhase section */
		85819B09B23E95114D5D99D3 /* [CP] Check Pods Manifest.lock */ = {
			isa = PBXShellScriptBuildPhase;
			buildActionMask = 2147483647;
			files = (
			);
			inputPaths = (
				"${PODS_PODFILE_DIR_PATH}/Podfile.lock",
				"${PODS_ROOT}/Manifest.lock",
			);
			name = "[CP] Check Pods Manifest.lock";
			outputPaths = (
				"$(DERIVED_FILE_DIR)/Pods-FoodTrackerFinal-checkManifestLockResult.txt",
			);
			runOnlyForDeploymentPostprocessing = 0;
			shellPath = /bin/sh;
			shellScript = "diff \"${PODS_PODFILE_DIR_PATH}/Podfile.lock\" \"${PODS_ROOT}/Manifest.lock\" > /dev/null\nif [ $? != 0 ] ; then\n    # print error to STDERR\n    echo \"error: The sandbox is not in sync with the Podfile.lock. Run 'pod install' or update your CocoaPods installation.\" >&2\n    exit 1\nfi\n# This output is used by Xcode 'outputs' to avoid re-running this script phase.\necho \"SUCCESS\" > \"${SCRIPT_OUTPUT_FILE_0}\"\n";
			showEnvVarsInLog = 0;
		};
		AC4FED7B6D911974219899A4 /* [CP] Embed Pods Frameworks */ = {
			isa = PBXShellScriptBuildPhase;
			buildActionMask = 2147483647;
			files = (
			);
			inputPaths = (
				"${SRCROOT}/Pods/Target Support Files/Pods-FoodTrackerFinal/Pods-FoodTrackerFinal-frameworks.sh",
				"${BUILT_PRODUCTS_DIR}/Bolts/Bolts.framework",
				"${BUILT_PRODUCTS_DIR}/FBSDKCoreKit/FBSDKCoreKit.framework",
				"${BUILT_PRODUCTS_DIR}/FBSDKLoginKit/FBSDKLoginKit.framework",
				"${BUILT_PRODUCTS_DIR}/FBSDKShareKit/FBSDKShareKit.framework",
			);
			name = "[CP] Embed Pods Frameworks";
			outputPaths = (
				"${TARGET_BUILD_DIR}/${FRAMEWORKS_FOLDER_PATH}/Bolts.framework",
				"${TARGET_BUILD_DIR}/${FRAMEWORKS_FOLDER_PATH}/FBSDKCoreKit.framework",
				"${TARGET_BUILD_DIR}/${FRAMEWORKS_FOLDER_PATH}/FBSDKLoginKit.framework",
				"${TARGET_BUILD_DIR}/${FRAMEWORKS_FOLDER_PATH}/FBSDKShareKit.framework",
			);
			runOnlyForDeploymentPostprocessing = 0;
			shellPath = /bin/sh;
			shellScript = "\"${SRCROOT}/Pods/Target Support Files/Pods-FoodTrackerFinal/Pods-FoodTrackerFinal-frameworks.sh\"\n";
			showEnvVarsInLog = 0;
		};
/* End PBXShellScriptBuildPhase section */

/* Begin PBXSourcesBuildPhase section */
		793C0BD62074FF760019A5D1 /* Sources */ = {
			isa = PBXSourcesBuildPhase;
			buildActionMask = 2147483647;
			files = (
				793C0BE02074FF760019A5D1 /* MasterViewController.swift in Sources */,
				793C0BF120750C320019A5D1 /* RatingControl.swift in Sources */,
				793C0BF9207512970019A5D1 /* MealTableViewCell.swift in Sources */,
				793C0BFD207512C30019A5D1 /* Meal.swift in Sources */,
				794392152090254C008507FD /* LoginViewController.swift in Sources */,
				793C0BF7207512650019A5D1 /* DataServices.swift in Sources */,
				793C0BDE2074FF760019A5D1 /* AppDelegate.swift in Sources */,
				793C0BFB207512AD0019A5D1 /* DetailViewController.swift in Sources */,
			);
			runOnlyForDeploymentPostprocessing = 0;
		};
/* End PBXSourcesBuildPhase section */

/* Begin PBXVariantGroup section */
		793C0BE12074FF760019A5D1 /* Main.storyboard */ = {
			isa = PBXVariantGroup;
			children = (
				793C0BE22074FF760019A5D1 /* Base */,
			);
			name = Main.storyboard;
			sourceTree = "<group>";
		};
		793C0BE62074FF760019A5D1 /* LaunchScreen.storyboard */ = {
			isa = PBXVariantGroup;
			children = (
				793C0BE72074FF760019A5D1 /* Base */,
			);
			name = LaunchScreen.storyboard;
			sourceTree = "<group>";
		};
/* End PBXVariantGroup section */

/* Begin XCBuildConfiguration section */
		793C0BEA2074FF760019A5D1 /* Debug */ = {
			isa = XCBuildConfiguration;
			buildSettings = {
				ALWAYS_SEARCH_USER_PATHS = NO;
				CLANG_ANALYZER_NONNULL = YES;
				CLANG_ANALYZER_NUMBER_OBJECT_CONVERSION = YES_AGGRESSIVE;
				CLANG_CXX_LANGUAGE_STANDARD = "gnu++14";
				CLANG_CXX_LIBRARY = "libc++";
				CLANG_ENABLE_MODULES = YES;
				CLANG_ENABLE_OBJC_ARC = YES;
				CLANG_WARN_BLOCK_CAPTURE_AUTORELEASING = YES;
				CLANG_WARN_BOOL_CONVERSION = YES;
				CLANG_WARN_COMMA = YES;
				CLANG_WARN_CONSTANT_CONVERSION = YES;
				CLANG_WARN_DIRECT_OBJC_ISA_USAGE = YES_ERROR;
				CLANG_WARN_DOCUMENTATION_COMMENTS = YES;
				CLANG_WARN_EMPTY_BODY = YES;
				CLANG_WARN_ENUM_CONVERSION = YES;
				CLANG_WARN_INFINITE_RECURSION = YES;
				CLANG_WARN_INT_CONVERSION = YES;
				CLANG_WARN_NON_LITERAL_NULL_CONVERSION = YES;
				CLANG_WARN_OBJC_LITERAL_CONVERSION = YES;
				CLANG_WARN_OBJC_ROOT_CLASS = YES_ERROR;
				CLANG_WARN_RANGE_LOOP_ANALYSIS = YES;
				CLANG_WARN_STRICT_PROTOTYPES = YES;
				CLANG_WARN_SUSPICIOUS_MOVE = YES;
				CLANG_WARN_UNGUARDED_AVAILABILITY = YES_AGGRESSIVE;
				CLANG_WARN_UNREACHABLE_CODE = YES;
				CLANG_WARN__DUPLICATE_METHOD_MATCH = YES;
				CODE_SIGN_IDENTITY = "iPhone Developer";
				COPY_PHASE_STRIP = NO;
				DEBUG_INFORMATION_FORMAT = dwarf;
				ENABLE_STRICT_OBJC_MSGSEND = YES;
				ENABLE_TESTABILITY = YES;
				GCC_C_LANGUAGE_STANDARD = gnu11;
				GCC_DYNAMIC_NO_PIC = NO;
				GCC_NO_COMMON_BLOCKS = YES;
				GCC_OPTIMIZATION_LEVEL = 0;
				GCC_PREPROCESSOR_DEFINITIONS = (
					"DEBUG=1",
					"$(inherited)",
				);
				GCC_WARN_64_TO_32_BIT_CONVERSION = YES;
				GCC_WARN_ABOUT_RETURN_TYPE = YES_ERROR;
				GCC_WARN_UNDECLARED_SELECTOR = YES;
				GCC_WARN_UNINITIALIZED_AUTOS = YES_AGGRESSIVE;
				GCC_WARN_UNUSED_FUNCTION = YES;
				GCC_WARN_UNUSED_VARIABLE = YES;
				IPHONEOS_DEPLOYMENT_TARGET = 11.2;
				MTL_ENABLE_DEBUG_INFO = YES;
				ONLY_ACTIVE_ARCH = YES;
				SDKROOT = iphoneos;
				SWIFT_ACTIVE_COMPILATION_CONDITIONS = DEBUG;
				SWIFT_OPTIMIZATION_LEVEL = "-Onone";
			};
			name = Debug;
		};
		793C0BEB2074FF760019A5D1 /* Release */ = {
			isa = XCBuildConfiguration;
			buildSettings = {
				ALWAYS_SEARCH_USER_PATHS = NO;
				CLANG_ANALYZER_NONNULL = YES;
				CLANG_ANALYZER_NUMBER_OBJECT_CONVERSION = YES_AGGRESSIVE;
				CLANG_CXX_LANGUAGE_STANDARD = "gnu++14";
				CLANG_CXX_LIBRARY = "libc++";
				CLANG_ENABLE_MODULES = YES;
				CLANG_ENABLE_OBJC_ARC = YES;
				CLANG_WARN_BLOCK_CAPTURE_AUTORELEASING = YES;
				CLANG_WARN_BOOL_CONVERSION = YES;
				CLANG_WARN_COMMA = YES;
				CLANG_WARN_CONSTANT_CONVERSION = YES;
				CLANG_WARN_DIRECT_OBJC_ISA_USAGE = YES_ERROR;
				CLANG_WARN_DOCUMENTATION_COMMENTS = YES;
				CLANG_WARN_EMPTY_BODY = YES;
				CLANG_WARN_ENUM_CONVERSION = YES;
				CLANG_WARN_INFINITE_RECURSION = YES;
				CLANG_WARN_INT_CONVERSION = YES;
				CLANG_WARN_NON_LITERAL_NULL_CONVERSION = YES;
				CLANG_WARN_OBJC_LITERAL_CONVERSION = YES;
				CLANG_WARN_OBJC_ROOT_CLASS = YES_ERROR;
				CLANG_WARN_RANGE_LOOP_ANALYSIS = YES;
				CLANG_WARN_STRICT_PROTOTYPES = YES;
				CLANG_WARN_SUSPICIOUS_MOVE = YES;
				CLANG_WARN_UNGUARDED_AVAILABILITY = YES_AGGRESSIVE;
				CLANG_WARN_UNREACHABLE_CODE = YES;
				CLANG_WARN__DUPLICATE_METHOD_MATCH = YES;
				CODE_SIGN_IDENTITY = "iPhone Developer";
				COPY_PHASE_STRIP = NO;
				DEBUG_INFORMATION_FORMAT = "dwarf-with-dsym";
				ENABLE_NS_ASSERTIONS = NO;
				ENABLE_STRICT_OBJC_MSGSEND = YES;
				GCC_C_LANGUAGE_STANDARD = gnu11;
				GCC_NO_COMMON_BLOCKS = YES;
				GCC_WARN_64_TO_32_BIT_CONVERSION = YES;
				GCC_WARN_ABOUT_RETURN_TYPE = YES_ERROR;
				GCC_WARN_UNDECLARED_SELECTOR = YES;
				GCC_WARN_UNINITIALIZED_AUTOS = YES_AGGRESSIVE;
				GCC_WARN_UNUSED_FUNCTION = YES;
				GCC_WARN_UNUSED_VARIABLE = YES;
				IPHONEOS_DEPLOYMENT_TARGET = 11.2;
				MTL_ENABLE_DEBUG_INFO = NO;
				SDKROOT = iphoneos;
				SWIFT_OPTIMIZATION_LEVEL = "-Owholemodule";
				VALIDATE_PRODUCT = YES;
			};
			name = Release;
		};
		793C0BED2074FF760019A5D1 /* Debug */ = {
			isa = XCBuildConfiguration;
			baseConfigurationReference = 62BDBB6B4C52477F9C0D8FBC /* Pods-FoodTrackerFinal.debug.xcconfig */;
			buildSettings = {
				ASSETCATALOG_COMPILER_APPICON_NAME = AppIcon;
				CODE_SIGN_ENTITLEMENTS = FoodTrackerFinal/FoodTrackerFinal.entitlements;
				"CODE_SIGN_IDENTITY[sdk=iphoneos*]" = "iPhone Developer";
				CODE_SIGN_STYLE = Automatic;
				DEVELOPMENT_TEAM = XY8UWSG2LX;
				INFOPLIST_FILE = FoodTrackerFinal/Info.plist;
				IPHONEOS_DEPLOYMENT_TARGET = 11.2;
				LD_RUNPATH_SEARCH_PATHS = "$(inherited) @executable_path/Frameworks";
				PRODUCT_BUNDLE_IDENTIFIER = com.cong.FoodTrackerFinal;
				PRODUCT_NAME = "$(TARGET_NAME)";
				PROVISIONING_PROFILE_SPECIFIER = "";
				SWIFT_VERSION = 4.0;
				TARGETED_DEVICE_FAMILY = "1,2";
			};
			name = Debug;
		};
		793C0BEE2074FF760019A5D1 /* Release */ = {
			isa = XCBuildConfiguration;
			baseConfigurationReference = BF97AB519BDD08B831BCAC75 /* Pods-FoodTrackerFinal.release.xcconfig */;
			buildSettings = {
				ASSETCATALOG_COMPILER_APPICON_NAME = AppIcon;
				CODE_SIGN_ENTITLEMENTS = FoodTrackerFinal/FoodTrackerFinal.entitlements;
				"CODE_SIGN_IDENTITY[sdk=iphoneos*]" = "iPhone Developer";
				CODE_SIGN_STYLE = Automatic;
				DEVELOPMENT_TEAM = XY8UWSG2LX;
				INFOPLIST_FILE = FoodTrackerFinal/Info.plist;
				IPHONEOS_DEPLOYMENT_TARGET = 11.2;
				LD_RUNPATH_SEARCH_PATHS = "$(inherited) @executable_path/Frameworks";
				PRODUCT_BUNDLE_IDENTIFIER = com.cong.FoodTrackerFinal;
				PRODUCT_NAME = "$(TARGET_NAME)";
				PROVISIONING_PROFILE_SPECIFIER = "";
				SWIFT_VERSION = 4.0;
				TARGETED_DEVICE_FAMILY = "1,2";
			};
			name = Release;
		};
/* End XCBuildConfiguration section */

/* Begin XCConfigurationList section */
		793C0BD52074FF760019A5D1 /* Build configuration list for PBXProject "FoodTrackerFinal" */ = {
			isa = XCConfigurationList;
			buildConfigurations = (
				793C0BEA2074FF760019A5D1 /* Debug */,
				793C0BEB2074FF760019A5D1 /* Release */,
			);
			defaultConfigurationIsVisible = 0;
			defaultConfigurationName = Release;
		};
		793C0BEC2074FF760019A5D1 /* Build configuration list for PBXNativeTarget "FoodTrackerFinal" */ = {
			isa = XCConfigurationList;
			buildConfigurations = (
				793C0BED2074FF760019A5D1 /* Debug */,
				793C0BEE2074FF760019A5D1 /* Release */,
			);
			defaultConfigurationIsVisible = 0;
			defaultConfigurationName = Release;
		};
/* End XCConfigurationList section */
	};
	rootObject = 793C0BD22074FF760019A5D1 /* Project object */;
}
